{
  "name": "wse",
  "version": "4.7.15",
  "lockfileVersion": 2,
  "requires": true,
  "packages": {
    "": {
      "name": "wse",
      "version": "4.7.15",
      "license": "MIT",
      "dependencies": {
        "a-signal": "^2.2.4",
        "eventemitter3": "^5.0.1",
        "isomorphic-ws": "^5.0.0",
        "ws": "^8.18.0"
      },
      "devDependencies": {
        "test-a-bit": "^1.1.3"
      },
      "engines": {
        "node": ">=14.0.0"
      },
      "optionalDependencies": {
        "bufferutil": "^4.0.8",
        "utf-8-validate": "^6.0.4"
      }
    },
    "node_modules/a-signal": {
      "version": "2.2.4",
      "resolved": "https://registry.npmjs.org/a-signal/-/a-signal-2.2.4.tgz",
      "integrity": "sha512-nzYMzcfZARlDQA8LEVuqASILrD2mIqnrkW62R3Hd8RMvG6iBGbYHMGUo3SsR/2nlI112DJFgdPVR8PLSX/PQRA=="
    },
    "node_modules/bufferutil": {
      "version": "4.0.8",
      "resolved": "https://registry.npmjs.org/bufferutil/-/bufferutil-4.0.8.tgz",
      "integrity": "sha512-4T53u4PdgsXqKaIctwF8ifXlRTTmEPJ8iEPWFdGZvcf7sbwYo6FKFEX9eNNAnzFZ7EzJAQ3CJeOtCRA4rDp7Pw==",
      "hasInstallScript": true,
      "optional": true,
      "dependencies": {
        "node-gyp-build": "^4.3.0"
      },
      "engines": {
        "node": ">=6.14.2"
      }
    },
    "node_modules/eventemitter3": {
      "version": "5.0.1",
      "resolved": "https://registry.npmjs.org/eventemitter3/-/eventemitter3-5.0.1.tgz",
      "integrity": "sha512-GWkBvjiSZK87ELrYOSESUYeVIc9mvLLf/nXalMOS5dYrgZq9o5OVkbZAVM06CVxYsCwH9BDZFPlQTlPA1j4ahA=="
    },
    "node_modules/isomorphic-ws": {
      "version": "5.0.0",
      "resolved": "https://registry.npmjs.org/isomorphic-ws/-/isomorphic-ws-5.0.0.tgz",
      "integrity": "sha512-muId7Zzn9ywDsyXgTIafTry2sV3nySZeUDe6YedVd1Hvuuep5AsIlqK+XefWpYTyJG5e503F2xIuT2lcU6rCSw==",
      "peerDependencies": {
        "ws": "*"
      }
    },
    "node_modules/node-gyp-build": {
      "version": "4.5.0",
      "resolved": "https://registry.npmjs.org/node-gyp-build/-/node-gyp-build-4.5.0.tgz",
      "integrity": "sha512-2iGbaQBV+ITgCz76ZEjmhUKAKVf7xfY1sRl4UiKQspfZMH2h06SyhNsnSVy50cwkFQDGLyif6m/6uFXHkOZ6rg==",
      "optional": true,
      "bin": {
        "node-gyp-build": "bin.js",
        "node-gyp-build-optional": "optional.js",
        "node-gyp-build-test": "build-test.js"
      }
    },
    "node_modules/test-a-bit": {
      "version": "1.1.3",
      "resolved": "https://registry.npmjs.org/test-a-bit/-/test-a-bit-1.1.3.tgz",
      "integrity": "sha512-66OgV1cfhHbtjvz1qcwslMQP/gGYv1oymODI/s2xQXYNzwog6Fz7uwFJrUjdQ2DmuKUmOiMylLm9jAICh0PveQ==",
      "dev": true
    },
    "node_modules/utf-8-validate": {
      "version": "6.0.4",
      "resolved": "https://registry.npmjs.org/utf-8-validate/-/utf-8-validate-6.0.4.tgz",
      "integrity": "sha512-xu9GQDeFp+eZ6LnCywXN/zBancWvOpUMzgjLPSjy4BRHSmTelvn2E0DG0o1sTiw5hkCKBHo8rwSKncfRfv2EEQ==",
      "hasInstallScript": true,
      "optional": true,
      "dependencies": {
        "node-gyp-build": "^4.3.0"
      },
      "engines": {
        "node": ">=6.14.2"
      }
    },
    "node_modules/ws": {
      "version": "8.18.0",
      "resolved": "https://registry.npmjs.org/ws/-/ws-8.18.0.tgz",
      "integrity": "sha512-8VbfWfHLbbwu3+N6OKsOMpBdT4kXPDDB9cJk2bJ6mh9ucxdlnNvH1e+roYkKmN9Nxw2yjz7VzeO9oOz2zJ04Pw==",
      "engines": {
        "node": ">=10.0.0"
      },
      "peerDependencies": {
        "bufferutil": "^4.0.1",
        "utf-8-validate": ">=5.0.2"
      },
      "peerDependenciesMeta": {
        "bufferutil": {
          "optional": true
        },
        "utf-8-validate": {
          "optional": true
        }
      }
    }
  },
  "dependencies": {
    "a-signal": {
      "version": "2.2.4",
      "resolved": "https://registry.npmjs.org/a-signal/-/a-signal-2.2.4.tgz",
      "integrity": "sha512-nzYMzcfZARlDQA8LEVuqASILrD2mIqnrkW62R3Hd8RMvG6iBGbYHMGUo3SsR/2nlI112DJFgdPVR8PLSX/PQRA=="
    },
    "bufferutil": {
      "version": "4.0.8",
      "resolved": "https://registry.npmjs.org/bufferutil/-/bufferutil-4.0.8.tgz",
      "integrity": "sha512-4T53u4PdgsXqKaIctwF8ifXlRTTmEPJ8iEPWFdGZvcf7sbwYo6FKFEX9eNNAnzFZ7EzJAQ3CJeOtCRA4rDp7Pw==",
      "optional": true,
      "requires": {
        "node-gyp-build": "^4.3.0"
      }
    },
    "eventemitter3": {
      "version": "5.0.1",
      "resolved": "https://registry.npmjs.org/eventemitter3/-/eventemitter3-5.0.1.tgz",
      "integrity": "sha512-GWkBvjiSZK87ELrYOSESUYeVIc9mvLLf/nXalMOS5dYrgZq9o5OVkbZAVM06CVxYsCwH9BDZFPlQTlPA1j4ahA=="
    },
    "isomorphic-ws": {
      "version": "5.0.0",
      "resolved": "https://registry.npmjs.org/isomorphic-ws/-/isomorphic-ws-5.0.0.tgz",
      "integrity": "sha512-muId7Zzn9ywDsyXgTIafTry2sV3nySZeUDe6YedVd1Hvuuep5AsIlqK+XefWpYTyJG5e503F2xIuT2lcU6rCSw==",
      "requires": {}
    },
    "node-gyp-build": {
      "version": "4.5.0",
      "resolved": "https://registry.npmjs.org/node-gyp-build/-/node-gyp-build-4.5.0.tgz",
      "integrity": "sha512-2iGbaQBV+ITgCz76ZEjmhUKAKVf7xfY1sRl4UiKQspfZMH2h06SyhNsnSVy50cwkFQDGLyif6m/6uFXHkOZ6rg==",
      "optional": true
    },
    "test-a-bit": {
      "version": "1.1.3",
      "resolved": "https://registry.npmjs.org/test-a-bit/-/test-a-bit-1.1.3.tgz",
      "integrity": "sha512-66OgV1cfhHbtjvz1qcwslMQP/gGYv1oymODI/s2xQXYNzwog6Fz7uwFJrUjdQ2DmuKUmOiMylLm9jAICh0PveQ==",
      "dev": true
    },
    "utf-8-validate": {
      "version": "6.0.4",
      "resolved": "https://registry.npmjs.org/utf-8-validate/-/utf-8-validate-6.0.4.tgz",
      "integrity": "sha512-xu9GQDeFp+eZ6LnCywXN/zBancWvOpUMzgjLPSjy4BRHSmTelvn2E0DG0o1sTiw5hkCKBHo8rwSKncfRfv2EEQ==",
      "optional": true,
      "requires": {
        "node-gyp-build": "^4.3.0"
      }
    },
    "ws": {
      "version": "8.18.0",
      "resolved": "https://registry.npmjs.org/ws/-/ws-8.18.0.tgz",
      "integrity": "sha512-8VbfWfHLbbwu3+N6OKsOMpBdT4kXPDDB9cJk2bJ6mh9ucxdlnNvH1e+roYkKmN9Nxw2yjz7VzeO9oOz2zJ04Pw==",
      "requires": {}
    }
  }
}
